
Microsoft Visual Studio Solution File, Format Version 12.00
# Visual Studio Version 16
VisualStudioVersion = 16.0.30907.101
MinimumVisualStudioVersion = 10.0.40219.1
Project("{FAE04EC0-301F-11D3-BF4B-00C04F79EFBC}") = "SondaCarAndMotobikeProject", "SondaCarAndMotobikeProject\SondaCarAndMotobikeProject.csproj", "{70BB68BA-1B54-4F74-94D1-065D38D27ACE}"
EndProject
Global
	GlobalSection(SolutionConfigurationPlatforms) = preSolution
		Debug|Any CPU = Debug|Any CPU
		Release|Any CPU = Release|Any CPU
	EndGlobalSection
	GlobalSection(ProjectConfigurationPlatforms) = postSolution
		{70BB68BA-1B54-4F74-94D1-065D38D27ACE}.Debug|Any CPU.ActiveCfg = Debug|Any CPU
		{70BB68BA-1B54-4F74-94D1-065D38D27ACE}.Debug|Any CPU.Build.0 = Debug|Any CPU
		{70BB68BA-1B54-4F74-94D1-065D38D27ACE}.Release|Any CPU.ActiveCfg = Release|Any CPU
		{70BB68BA-1B54-4F74-94D1-065D38D27ACE}.Release|Any CPU.Build.0 = Release|Any CPU
	EndGlobalSection
	GlobalSection(SolutionProperties) = preSolution
		HideSolutionNode = FALSE
	EndGlobalSection
	GlobalSection(ExtensibilityGlobals) = postSolution
		SolutionGuid = {ED1DB42F-1068-45BB-AADF-088A68FDA3D6}
	EndGlobalSection
EndGlobal
